// !$*UTF8*$!
{
	archiveVersion = 1;
	classes = {
	};
	objectVersion = 50;
	objects = {

/* Begin PBXBuildFile section */
		B75EA0C220F6307E00222D4D /* CodeUI+CreateConstraint.swift in Sources */ = {isa = PBXBuildFile; fileRef = B75EA0C120F6307E00222D4D /* CodeUI+CreateConstraint.swift */; };
		B75EA0C520F630C700222D4D /* CodeUI+AutoLayoutAnchors.swift in Sources */ = {isa = PBXBuildFile; fileRef = B75EA0C420F630C700222D4D /* CodeUI+AutoLayoutAnchors.swift */; };
		B75EA0CB20F632B800222D4D /* CodeUI+Anchor.swift in Sources */ = {isa = PBXBuildFile; fileRef = B75EA0CA20F632B800222D4D /* CodeUI+Anchor.swift */; };
		B75EA0CD20F6336100222D4D /* CodeUI+Center.swift in Sources */ = {isa = PBXBuildFile; fileRef = B75EA0CC20F6336100222D4D /* CodeUI+Center.swift */; };
		B75EA0CF20F633DA00222D4D /* CodeUI+Size.swift in Sources */ = {isa = PBXBuildFile; fileRef = B75EA0CE20F633DA00222D4D /* CodeUI+Size.swift */; };
		B75EA0D120F633FC00222D4D /* CodeUI+AspectRatio.swift in Sources */ = {isa = PBXBuildFile; fileRef = B75EA0D020F633FC00222D4D /* CodeUI+AspectRatio.swift */; };
		B75EA0D320F6350700222D4D /* CodeUI+Devices.swift in Sources */ = {isa = PBXBuildFile; fileRef = B75EA0D220F6350700222D4D /* CodeUI+Devices.swift */; };
		B7B13E2720F3849400FF908A /* UIView+CodeUI.swift in Sources */ = {isa = PBXBuildFile; fileRef = B7B13E2620F3849400FF908A /* UIView+CodeUI.swift */; };
		B7EF0FDE20F63FAD00E300AF /* AnchorProvider.swift in Sources */ = {isa = PBXBuildFile; fileRef = B7EF0FDD20F63FAD00E300AF /* AnchorProvider.swift */; };
		F99651D220DC3451004C44BB /* Orientation.swift in Sources */ = {isa = PBXBuildFile; fileRef = F99651CF20DC3451004C44BB /* Orientation.swift */; };
		F99651D320DC3451004C44BB /* iOSDeviceSize.swift in Sources */ = {isa = PBXBuildFile; fileRef = F99651D020DC3451004C44BB /* iOSDeviceSize.swift */; };
		F99651D420DC3451004C44BB /* Configuration.swift in Sources */ = {isa = PBXBuildFile; fileRef = F99651D120DC3451004C44BB /* Configuration.swift */; };
		F99651DA20DC3460004C44BB /* ViewLayout.swift in Sources */ = {isa = PBXBuildFile; fileRef = F99651D520DC3460004C44BB /* ViewLayout.swift */; };
		F99651DB20DC3460004C44BB /* OptionSetExtension.swift in Sources */ = {isa = PBXBuildFile; fileRef = F99651D620DC3460004C44BB /* OptionSetExtension.swift */; };
		F99651DC20DC3460004C44BB /* UIWindow+Configuration.swift in Sources */ = {isa = PBXBuildFile; fileRef = F99651D720DC3460004C44BB /* UIWindow+Configuration.swift */; };
		F99651DD20DC3460004C44BB /* ScreenSizes.swift in Sources */ = {isa = PBXBuildFile; fileRef = F99651D820DC3460004C44BB /* ScreenSizes.swift */; };
		F99651DE20DC3460004C44BB /* ViewControllerSwizzle.swift in Sources */ = {isa = PBXBuildFile; fileRef = F99651D920DC3460004C44BB /* ViewControllerSwizzle.swift */; };
		F99651E020DC349F004C44BB /* CodeUI.swift in Sources */ = {isa = PBXBuildFile; fileRef = F99651DF20DC349F004C44BB /* CodeUI.swift */; };
/* End PBXBuildFile section */

/* Begin PBXContainerItemProxy section */
		F996520320DC4107004C44BB /* PBXContainerItemProxy */ = {
			isa = PBXContainerItemProxy;
			containerPortal = F99651FF20DC4106004C44BB /* CodeUI-Example.xcodeproj */;
			proxyType = 2;
			remoteGlobalIDString = F99651EA20DC4104004C44BB;
			remoteInfo = "CodeUI-Example";
		};
/* End PBXContainerItemProxy section */

/* Begin PBXCopyFilesBuildPhase section */
		F99651C220DC33F3004C44BB /* CopyFiles */ = {
			isa = PBXCopyFilesBuildPhase;
			buildActionMask = 2147483647;
			dstPath = "include/$(PRODUCT_NAME)";
			dstSubfolderSpec = 16;
			files = (
			);
			runOnlyForDeploymentPostprocessing = 0;
		};
/* End PBXCopyFilesBuildPhase section */

/* Begin PBXFileReference section */
		B75EA0C120F6307E00222D4D /* CodeUI+CreateConstraint.swift */ = {isa = PBXFileReference; lastKnownFileType = sourcecode.swift; path = "CodeUI+CreateConstraint.swift"; sourceTree = "<group>"; };
		B75EA0C420F630C700222D4D /* CodeUI+AutoLayoutAnchors.swift */ = {isa = PBXFileReference; lastKnownFileType = sourcecode.swift; path = "CodeUI+AutoLayoutAnchors.swift"; sourceTree = "<group>"; };
		B75EA0CA20F632B800222D4D /* CodeUI+Anchor.swift */ = {isa = PBXFileReference; lastKnownFileType = sourcecode.swift; path = "CodeUI+Anchor.swift"; sourceTree = "<group>"; };
		B75EA0CC20F6336100222D4D /* CodeUI+Center.swift */ = {isa = PBXFileReference; lastKnownFileType = sourcecode.swift; path = "CodeUI+Center.swift"; sourceTree = "<group>"; };
		B75EA0CE20F633DA00222D4D /* CodeUI+Size.swift */ = {isa = PBXFileReference; lastKnownFileType = sourcecode.swift; path = "CodeUI+Size.swift"; sourceTree = "<group>"; };
		B75EA0D020F633FC00222D4D /* CodeUI+AspectRatio.swift */ = {isa = PBXFileReference; lastKnownFileType = sourcecode.swift; path = "CodeUI+AspectRatio.swift"; sourceTree = "<group>"; };
		B75EA0D220F6350700222D4D /* CodeUI+Devices.swift */ = {isa = PBXFileReference; lastKnownFileType = sourcecode.swift; path = "CodeUI+Devices.swift"; sourceTree = "<group>"; };
		B7B13E2620F3849400FF908A /* UIView+CodeUI.swift */ = {isa = PBXFileReference; lastKnownFileType = sourcecode.swift; path = "UIView+CodeUI.swift"; sourceTree = "<group>"; };
		B7EF0FDD20F63FAD00E300AF /* AnchorProvider.swift */ = {isa = PBXFileReference; lastKnownFileType = sourcecode.swift; path = AnchorProvider.swift; sourceTree = "<group>"; };
		F99651C420DC33F3004C44BB /* libCodeUI.a */ = {isa = PBXFileReference; explicitFileType = archive.ar; includeInIndex = 0; path = libCodeUI.a; sourceTree = BUILT_PRODUCTS_DIR; };
		F99651CF20DC3451004C44BB /* Orientation.swift */ = {isa = PBXFileReference; fileEncoding = 4; lastKnownFileType = sourcecode.swift; path = Orientation.swift; sourceTree = "<group>"; };
		F99651D020DC3451004C44BB /* iOSDeviceSize.swift */ = {isa = PBXFileReference; fileEncoding = 4; lastKnownFileType = sourcecode.swift; path = iOSDeviceSize.swift; sourceTree = "<group>"; };
		F99651D120DC3451004C44BB /* Configuration.swift */ = {isa = PBXFileReference; fileEncoding = 4; lastKnownFileType = sourcecode.swift; path = Configuration.swift; sourceTree = "<group>"; };
		F99651D520DC3460004C44BB /* ViewLayout.swift */ = {isa = PBXFileReference; fileEncoding = 4; lastKnownFileType = sourcecode.swift; path = ViewLayout.swift; sourceTree = "<group>"; };
		F99651D620DC3460004C44BB /* OptionSetExtension.swift */ = {isa = PBXFileReference; fileEncoding = 4; lastKnownFileType = sourcecode.swift; path = OptionSetExtension.swift; sourceTree = "<group>"; };
		F99651D720DC3460004C44BB /* UIWindow+Configuration.swift */ = {isa = PBXFileReference; fileEncoding = 4; lastKnownFileType = sourcecode.swift; path = "UIWindow+Configuration.swift"; sourceTree = "<group>"; };
		F99651D820DC3460004C44BB /* ScreenSizes.swift */ = {isa = PBXFileReference; fileEncoding = 4; lastKnownFileType = sourcecode.swift; path = ScreenSizes.swift; sourceTree = "<group>"; };
		F99651D920DC3460004C44BB /* ViewControllerSwizzle.swift */ = {isa = PBXFileReference; fileEncoding = 4; lastKnownFileType = sourcecode.swift; path = ViewControllerSwizzle.swift; sourceTree = "<group>"; };
		F99651DF20DC349F004C44BB /* CodeUI.swift */ = {isa = PBXFileReference; fileEncoding = 4; lastKnownFileType = sourcecode.swift; path = CodeUI.swift; sourceTree = "<group>"; };
		F99651FF20DC4106004C44BB /* CodeUI-Example.xcodeproj */ = {isa = PBXFileReference; lastKnownFileType = "wrapper.pb-project"; name = "CodeUI-Example.xcodeproj"; path = "CodeUI-Example/CodeUI-Example.xcodeproj"; sourceTree = "<group>"; };
/* End PBXFileReference section */

/* Begin PBXFrameworksBuildPhase section */
		F99651C120DC33F3004C44BB /* Frameworks */ = {
			isa = PBXFrameworksBuildPhase;
			buildActionMask = 2147483647;
			files = (
			);
			runOnlyForDeploymentPostprocessing = 0;
		};
/* End PBXFrameworksBuildPhase section */

/* Begin PBXGroup section */
		F99651BB20DC33F3004C44BB = {
			isa = PBXGroup;
			children = (
				F99651FF20DC4106004C44BB /* CodeUI-Example.xcodeproj */,
				F99651C620DC33F3004C44BB /* CodeUI */,
				F99651C520DC33F3004C44BB /* Products */,
			);
			sourceTree = "<group>";
		};
		F99651C520DC33F3004C44BB /* Products */ = {
			isa = PBXGroup;
			children = (
				F99651C420DC33F3004C44BB /* libCodeUI.a */,
			);
			name = Products;
			sourceTree = "<group>";
		};
		F99651C620DC33F3004C44BB /* CodeUI */ = {
			isa = PBXGroup;
			children = (
				F99651DF20DC349F004C44BB /* CodeUI.swift */,
				B75EA0D220F6350700222D4D /* CodeUI+Devices.swift */,
				B75EA0C120F6307E00222D4D /* CodeUI+CreateConstraint.swift */,
				B75EA0C420F630C700222D4D /* CodeUI+AutoLayoutAnchors.swift */,
				B75EA0CA20F632B800222D4D /* CodeUI+Anchor.swift */,
				B75EA0CC20F6336100222D4D /* CodeUI+Center.swift */,
				B75EA0CE20F633DA00222D4D /* CodeUI+Size.swift */,
				B75EA0D020F633FC00222D4D /* CodeUI+AspectRatio.swift */,
				B7EF0FDD20F63FAD00E300AF /* AnchorProvider.swift */,
				B7B13E2620F3849400FF908A /* UIView+CodeUI.swift */,
				F99651CE20DC3451004C44BB /* Configuration */,
				F99651D520DC3460004C44BB /* ViewLayout.swift */,
				F99651D920DC3460004C44BB /* ViewControllerSwizzle.swift */,
				F99651D620DC3460004C44BB /* OptionSetExtension.swift */,
				F99651D720DC3460004C44BB /* UIWindow+Configuration.swift */,
			);
			path = CodeUI;
			sourceTree = "<group>";
		};
		F99651CE20DC3451004C44BB /* Configuration */ = {
			isa = PBXGroup;
			children = (
				F99651D120DC3451004C44BB /* Configuration.swift */,
				F99651D020DC3451004C44BB /* iOSDeviceSize.swift */,
				F99651CF20DC3451004C44BB /* Orientation.swift */,
				F99651D820DC3460004C44BB /* ScreenSizes.swift */,
			);
			path = Configuration;
			sourceTree = "<group>";
		};
		F996520020DC4106004C44BB /* Products */ = {
			isa = PBXGroup;
			children = (
				F996520420DC4107004C44BB /* CodeUI-Example.app */,
			);
			name = Products;
			sourceTree = "<group>";
		};
/* End PBXGroup section */

/* Begin PBXNativeTarget section */
		F99651C320DC33F3004C44BB /* CodeUI */ = {
			isa = PBXNativeTarget;
			buildConfigurationList = F99651CB20DC33F3004C44BB /* Build configuration list for PBXNativeTarget "CodeUI" */;
			buildPhases = (
				F99651C020DC33F3004C44BB /* Sources */,
				F99651C120DC33F3004C44BB /* Frameworks */,
				F99651C220DC33F3004C44BB /* CopyFiles */,
			);
			buildRules = (
			);
			dependencies = (
			);
			name = CodeUI;
			productName = CodeUI;
			productReference = F99651C420DC33F3004C44BB /* libCodeUI.a */;
			productType = "com.apple.product-type.library.static";
		};
/* End PBXNativeTarget section */

/* Begin PBXProject section */
		F99651BC20DC33F3004C44BB /* Project object */ = {
			isa = PBXProject;
			attributes = {
				LastSwiftUpdateCheck = 1000;
				LastUpgradeCheck = 1000;
				ORGANIZATIONNAME = "Vyacheslav Nagornyak";
				TargetAttributes = {
					F99651C320DC33F3004C44BB = {
						CreatedOnToolsVersion = 10.0;
					};
				};
			};
			buildConfigurationList = F99651BF20DC33F3004C44BB /* Build configuration list for PBXProject "CodeUI" */;
			compatibilityVersion = "Xcode 9.3";
			developmentRegion = en;
			hasScannedForEncodings = 0;
			knownRegions = (
				en,
			);
			mainGroup = F99651BB20DC33F3004C44BB;
			productRefGroup = F99651C520DC33F3004C44BB /* Products */;
			projectDirPath = "";
			projectReferences = (
				{
					ProductGroup = F996520020DC4106004C44BB /* Products */;
					ProjectRef = F99651FF20DC4106004C44BB /* CodeUI-Example.xcodeproj */;
				},
			);
			projectRoot = "";
			targets = (
				F99651C320DC33F3004C44BB /* CodeUI */,
			);
		};
/* End PBXProject section */

/* Begin PBXReferenceProxy section */
		F996520420DC4107004C44BB /* CodeUI-Example.app */ = {
			isa = PBXReferenceProxy;
			fileType = wrapper.application;
			path = "CodeUI-Example.app";
			remoteRef = F996520320DC4107004C44BB /* PBXContainerItemProxy */;
			sourceTree = BUILT_PRODUCTS_DIR;
		};
/* End PBXReferenceProxy section */

/* Begin PBXSourcesBuildPhase section */
		F99651C020DC33F3004C44BB /* Sources */ = {
			isa = PBXSourcesBuildPhase;
			buildActionMask = 2147483647;
			files = (
				B75EA0D120F633FC00222D4D /* CodeUI+AspectRatio.swift in Sources */,
				B75EA0D320F6350700222D4D /* CodeUI+Devices.swift in Sources */,
				F99651DD20DC3460004C44BB /* ScreenSizes.swift in Sources */,
				B75EA0CD20F6336100222D4D /* CodeUI+Center.swift in Sources */,
				F99651DA20DC3460004C44BB /* ViewLayout.swift in Sources */,
				B75EA0CF20F633DA00222D4D /* CodeUI+Size.swift in Sources */,
				B7B13E2720F3849400FF908A /* UIView+CodeUI.swift in Sources */,
				F99651DE20DC3460004C44BB /* ViewControllerSwizzle.swift in Sources */,
				F99651D420DC3451004C44BB /* Configuration.swift in Sources */,
				B75EA0CB20F632B800222D4D /* CodeUI+Anchor.swift in Sources */,
				F99651D320DC3451004C44BB /* iOSDeviceSize.swift in Sources */,
				F99651D220DC3451004C44BB /* Orientation.swift in Sources */,
				F99651DC20DC3460004C44BB /* UIWindow+Configuration.swift in Sources */,
				F99651DB20DC3460004C44BB /* OptionSetExtension.swift in Sources */,
				B75EA0C220F6307E00222D4D /* CodeUI+CreateConstraint.swift in Sources */,
				B7EF0FDE20F63FAD00E300AF /* AnchorProvider.swift in Sources */,
				B75EA0C520F630C700222D4D /* CodeUI+AutoLayoutAnchors.swift in Sources */,
				F99651E020DC349F004C44BB /* CodeUI.swift in Sources */,
			);
			runOnlyForDeploymentPostprocessing = 0;
		};
/* End PBXSourcesBuildPhase section */

/* Begin XCBuildConfiguration section */
		F99651C920DC33F3004C44BB /* Debug */ = {
			isa = XCBuildConfiguration;
			buildSettings = {
				ALWAYS_SEARCH_USER_PATHS = NO;
				CLANG_ANALYZER_NONNULL = YES;
				CLANG_ANALYZER_NUMBER_OBJECT_CONVERSION = YES_AGGRESSIVE;
				CLANG_CXX_LANGUAGE_STANDARD = "gnu++14";
				CLANG_CXX_LIBRARY = "libc++";
				CLANG_ENABLE_MODULES = YES;
				CLANG_ENABLE_OBJC_ARC = YES;
				CLANG_ENABLE_OBJC_WEAK = YES;
				CLANG_WARN_BLOCK_CAPTURE_AUTORELEASING = YES;
				CLANG_WARN_BOOL_CONVERSION = YES;
				CLANG_WARN_COMMA = YES;
				CLANG_WARN_CONSTANT_CONVERSION = YES;
				CLANG_WARN_DEPRECATED_OBJC_IMPLEMENTATIONS = YES;
				CLANG_WARN_DIRECT_OBJC_ISA_USAGE = YES_ERROR;
				CLANG_WARN_DOCUMENTATION_COMMENTS = YES;
				CLANG_WARN_EMPTY_BODY = YES;
				CLANG_WARN_ENUM_CONVERSION = YES;
				CLANG_WARN_INFINITE_RECURSION = YES;
				CLANG_WARN_INT_CONVERSION = YES;
				CLANG_WARN_NON_LITERAL_NULL_CONVERSION = YES;
				CLANG_WARN_OBJC_IMPLICIT_RETAIN_SELF = YES;
				CLANG_WARN_OBJC_LITERAL_CONVERSION = YES;
				CLANG_WARN_OBJC_ROOT_CLASS = YES_ERROR;
				CLANG_WARN_RANGE_LOOP_ANALYSIS = YES;
				CLANG_WARN_STRICT_PROTOTYPES = YES;
				CLANG_WARN_SUSPICIOUS_MOVE = YES;
				CLANG_WARN_UNGUARDED_AVAILABILITY = YES_AGGRESSIVE;
				CLANG_WARN_UNREACHABLE_CODE = YES;
				CLANG_WARN__DUPLICATE_METHOD_MATCH = YES;
				CODE_SIGN_IDENTITY = "iPhone Developer";
				COPY_PHASE_STRIP = NO;
				DEBUG_INFORMATION_FORMAT = dwarf;
				ENABLE_STRICT_OBJC_MSGSEND = YES;
				ENABLE_TESTABILITY = YES;
				GCC_C_LANGUAGE_STANDARD = gnu11;
				GCC_DYNAMIC_NO_PIC = NO;
				GCC_NO_COMMON_BLOCKS = YES;
				GCC_OPTIMIZATION_LEVEL = 0;
				GCC_PREPROCESSOR_DEFINITIONS = (
					"DEBUG=1",
					"$(inherited)",
				);
				GCC_WARN_64_TO_32_BIT_CONVERSION = YES;
				GCC_WARN_ABOUT_RETURN_TYPE = YES_ERROR;
				GCC_WARN_UNDECLARED_SELECTOR = YES;
				GCC_WARN_UNINITIALIZED_AUTOS = YES_AGGRESSIVE;
				GCC_WARN_UNUSED_FUNCTION = YES;
				GCC_WARN_UNUSED_VARIABLE = YES;
				IPHONEOS_DEPLOYMENT_TARGET = 12.0;
				MTL_ENABLE_DEBUG_INFO = INCLUDE_SOURCE;
				ONLY_ACTIVE_ARCH = YES;
				SDKROOT = iphoneos;
				SWIFT_ACTIVE_COMPILATION_CONDITIONS = DEBUG;
				SWIFT_OPTIMIZATION_LEVEL = "-Onone";
			};
			name = Debug;
		};
		F99651CA20DC33F3004C44BB /* Release */ = {
			isa = XCBuildConfiguration;
			buildSettings = {
				ALWAYS_SEARCH_USER_PATHS = NO;
				CLANG_ANALYZER_NONNULL = YES;
				CLANG_ANALYZER_NUMBER_OBJECT_CONVERSION = YES_AGGRESSIVE;
				CLANG_CXX_LANGUAGE_STANDARD = "gnu++14";
				CLANG_CXX_LIBRARY = "libc++";
				CLANG_ENABLE_MODULES = YES;
				CLANG_ENABLE_OBJC_ARC = YES;
				CLANG_ENABLE_OBJC_WEAK = YES;
				CLANG_WARN_BLOCK_CAPTURE_AUTORELEASING = YES;
				CLANG_WARN_BOOL_CONVERSION = YES;
				CLANG_WARN_COMMA = YES;
				CLANG_WARN_CONSTANT_CONVERSION = YES;
				CLANG_WARN_DEPRECATED_OBJC_IMPLEMENTATIONS = YES;
				CLANG_WARN_DIRECT_OBJC_ISA_USAGE = YES_ERROR;
				CLANG_WARN_DOCUMENTATION_COMMENTS = YES;
				CLANG_WARN_EMPTY_BODY = YES;
				CLANG_WARN_ENUM_CONVERSION = YES;
				CLANG_WARN_INFINITE_RECURSION = YES;
				CLANG_WARN_INT_CONVERSION = YES;
				CLANG_WARN_NON_LITERAL_NULL_CONVERSION = YES;
				CLANG_WARN_OBJC_IMPLICIT_RETAIN_SELF = YES;
				CLANG_WARN_OBJC_LITERAL_CONVERSION = YES;
				CLANG_WARN_OBJC_ROOT_CLASS = YES_ERROR;
				CLANG_WARN_RANGE_LOOP_ANALYSIS = YES;
				CLANG_WARN_STRICT_PROTOTYPES = YES;
				CLANG_WARN_SUSPICIOUS_MOVE = YES;
				CLANG_WARN_UNGUARDED_AVAILABILITY = YES_AGGRESSIVE;
				CLANG_WARN_UNREACHABLE_CODE = YES;
				CLANG_WARN__DUPLICATE_METHOD_MATCH = YES;
				CODE_SIGN_IDENTITY = "iPhone Developer";
				COPY_PHASE_STRIP = NO;
				DEBUG_INFORMATION_FORMAT = "dwarf-with-dsym";
				ENABLE_NS_ASSERTIONS = NO;
				ENABLE_STRICT_OBJC_MSGSEND = YES;
				GCC_C_LANGUAGE_STANDARD = gnu11;
				GCC_NO_COMMON_BLOCKS = YES;
				GCC_WARN_64_TO_32_BIT_CONVERSION = YES;
				GCC_WARN_ABOUT_RETURN_TYPE = YES_ERROR;
				GCC_WARN_UNDECLARED_SELECTOR = YES;
				GCC_WARN_UNINITIALIZED_AUTOS = YES_AGGRESSIVE;
				GCC_WARN_UNUSED_FUNCTION = YES;
				GCC_WARN_UNUSED_VARIABLE = YES;
				IPHONEOS_DEPLOYMENT_TARGET = 12.0;
				MTL_ENABLE_DEBUG_INFO = NO;
				SDKROOT = iphoneos;
				SWIFT_COMPILATION_MODE = wholemodule;
				SWIFT_OPTIMIZATION_LEVEL = "-O";
				VALIDATE_PRODUCT = YES;
			};
			name = Release;
		};
		F99651CC20DC33F3004C44BB /* Debug */ = {
			isa = XCBuildConfiguration;
			buildSettings = {
				CODE_SIGN_STYLE = Automatic;
				DEVELOPMENT_TEAM = 7R7GVTFP58;
				IPHONEOS_DEPLOYMENT_TARGET = 11.0;
				OTHER_LDFLAGS = "-ObjC";
				PRODUCT_NAME = "$(TARGET_NAME)";
				SKIP_INSTALL = YES;
				SWIFT_VERSION = 4.0;
				TARGETED_DEVICE_FAMILY = "1,2";
			};
			name = Debug;
		};
		F99651CD20DC33F3004C44BB /* Release */ = {
			isa = XCBuildConfiguration;
			buildSettings = {
				CODE_SIGN_STYLE = Automatic;
				DEVELOPMENT_TEAM = 7R7GVTFP58;
				IPHONEOS_DEPLOYMENT_TARGET = 11.0;
				OTHER_LDFLAGS = "-ObjC";
				PRODUCT_NAME = "$(TARGET_NAME)";
				SKIP_INSTALL = YES;
				SWIFT_VERSION = 4.0;
				TARGETED_DEVICE_FAMILY = "1,2";
			};
			name = Release;
		};
/* End XCBuildConfiguration section */

/* Begin XCConfigurationList section */
		F99651BF20DC33F3004C44BB /* Build configuration list for PBXProject "CodeUI" */ = {
			isa = XCConfigurationList;
			buildConfigurations = (
				F99651C920DC33F3004C44BB /* Debug */,
				F99651CA20DC33F3004C44BB /* Release */,
			);
			defaultConfigurationIsVisible = 0;
			defaultConfigurationName = Release;
		};
		F99651CB20DC33F3004C44BB /* Build configuration list for PBXNativeTarget "CodeUI" */ = {
			isa = XCConfigurationList;
			buildConfigurations = (
				F99651CC20DC33F3004C44BB /* Debug */,
				F99651CD20DC33F3004C44BB /* Release */,
			);
			defaultConfigurationIsVisible = 0;
			defaultConfigurationName = Release;
		};
/* End XCConfigurationList section */
	};
	rootObject = F99651BC20DC33F3004C44BB /* Project object */;
}
