// !$*UTF8*$!
{
	archiveVersion = 1;
	classes = {
	};
	objectVersion = 50;
	objects = {

/* Begin PBXBuildFile section */
		B72D58A120F3A3D3004F73D6 /* BaseViewController.swift in Sources */ = {isa = PBXBuildFile; fileRef = B72D58A020F3A3D3004F73D6 /* BaseViewController.swift */; };
		B72D58A320F3A6E4004F73D6 /* SecondViewController.swift in Sources */ = {isa = PBXBuildFile; fileRef = B72D58A220F3A6E4004F73D6 /* SecondViewController.swift */; };
		B72D58A720F3AAE1004F73D6 /* ThirdViewController.swift in Sources */ = {isa = PBXBuildFile; fileRef = B72D58A620F3AAE1004F73D6 /* ThirdViewController.swift */; };
		B72D58A920F3ADF1004F73D6 /* FourthViewController.swift in Sources */ = {isa = PBXBuildFile; fileRef = B72D58A820F3ADF1004F73D6 /* FourthViewController.swift */; };
		B72D58C520F3B602004F73D6 /* RootPageViewController.swift in Sources */ = {isa = PBXBuildFile; fileRef = B72D58C420F3B602004F73D6 /* RootPageViewController.swift */; };
		F99651EE20DC4104004C44BB /* AppDelegate.swift in Sources */ = {isa = PBXBuildFile; fileRef = F99651ED20DC4104004C44BB /* AppDelegate.swift */; };
		F99651F020DC4104004C44BB /* FirstViewController.swift in Sources */ = {isa = PBXBuildFile; fileRef = F99651EF20DC4104004C44BB /* FirstViewController.swift */; };
		F99651F520DC4106004C44BB /* Assets.xcassets in Resources */ = {isa = PBXBuildFile; fileRef = F99651F420DC4106004C44BB /* Assets.xcassets */; };
		F99651F820DC4106004C44BB /* LaunchScreen.storyboard in Resources */ = {isa = PBXBuildFile; fileRef = F99651F620DC4106004C44BB /* LaunchScreen.storyboard */; };
		F996520720DC4140004C44BB /* libCodeUI.a in Frameworks */ = {isa = PBXBuildFile; fileRef = F996520620DC4140004C44BB /* libCodeUI.a */; };
/* End PBXBuildFile section */

/* Begin PBXFileReference section */
		B72D58A020F3A3D3004F73D6 /* BaseViewController.swift */ = {isa = PBXFileReference; lastKnownFileType = sourcecode.swift; path = BaseViewController.swift; sourceTree = "<group>"; };
		B72D58A220F3A6E4004F73D6 /* SecondViewController.swift */ = {isa = PBXFileReference; lastKnownFileType = sourcecode.swift; path = SecondViewController.swift; sourceTree = "<group>"; };
		B72D58A620F3AAE1004F73D6 /* ThirdViewController.swift */ = {isa = PBXFileReference; lastKnownFileType = sourcecode.swift; path = ThirdViewController.swift; sourceTree = "<group>"; };
		B72D58A820F3ADF1004F73D6 /* FourthViewController.swift */ = {isa = PBXFileReference; lastKnownFileType = sourcecode.swift; path = FourthViewController.swift; sourceTree = "<group>"; };
		B72D58C420F3B602004F73D6 /* RootPageViewController.swift */ = {isa = PBXFileReference; fileEncoding = 4; lastKnownFileType = sourcecode.swift; path = RootPageViewController.swift; sourceTree = "<group>"; };
		F99651EA20DC4104004C44BB /* CodeUI-Example.app */ = {isa = PBXFileReference; explicitFileType = wrapper.application; includeInIndex = 0; path = "CodeUI-Example.app"; sourceTree = BUILT_PRODUCTS_DIR; };
		F99651ED20DC4104004C44BB /* AppDelegate.swift */ = {isa = PBXFileReference; lastKnownFileType = sourcecode.swift; path = AppDelegate.swift; sourceTree = "<group>"; };
		F99651EF20DC4104004C44BB /* FirstViewController.swift */ = {isa = PBXFileReference; lastKnownFileType = sourcecode.swift; path = FirstViewController.swift; sourceTree = "<group>"; };
		F99651F420DC4106004C44BB /* Assets.xcassets */ = {isa = PBXFileReference; lastKnownFileType = folder.assetcatalog; path = Assets.xcassets; sourceTree = "<group>"; };
		F99651F720DC4106004C44BB /* Base */ = {isa = PBXFileReference; lastKnownFileType = file.storyboard; name = Base; path = Base.lproj/LaunchScreen.storyboard; sourceTree = "<group>"; };
		F99651F920DC4106004C44BB /* Info.plist */ = {isa = PBXFileReference; lastKnownFileType = text.plist.xml; path = Info.plist; sourceTree = "<group>"; };
		F996520620DC4140004C44BB /* libCodeUI.a */ = {isa = PBXFileReference; explicitFileType = archive.ar; path = libCodeUI.a; sourceTree = BUILT_PRODUCTS_DIR; };
/* End PBXFileReference section */

/* Begin PBXFrameworksBuildPhase section */
		F99651E720DC4104004C44BB /* Frameworks */ = {
			isa = PBXFrameworksBuildPhase;
			buildActionMask = 2147483647;
			files = (
				F996520720DC4140004C44BB /* libCodeUI.a in Frameworks */,
			);
			runOnlyForDeploymentPostprocessing = 0;
		};
/* End PBXFrameworksBuildPhase section */

/* Begin PBXGroup section */
		F99651E120DC4104004C44BB = {
			isa = PBXGroup;
			children = (
				F99651EC20DC4104004C44BB /* CodeUI-Example */,
				F99651EB20DC4104004C44BB /* Products */,
				F996520520DC4140004C44BB /* Frameworks */,
			);
			sourceTree = "<group>";
		};
		F99651EB20DC4104004C44BB /* Products */ = {
			isa = PBXGroup;
			children = (
				F99651EA20DC4104004C44BB /* CodeUI-Example.app */,
			);
			name = Products;
			sourceTree = "<group>";
		};
		F99651EC20DC4104004C44BB /* CodeUI-Example */ = {
			isa = PBXGroup;
			children = (
				F99651ED20DC4104004C44BB /* AppDelegate.swift */,
				B72D58C420F3B602004F73D6 /* RootPageViewController.swift */,
				B72D58A020F3A3D3004F73D6 /* BaseViewController.swift */,
				F99651EF20DC4104004C44BB /* FirstViewController.swift */,
				B72D58A220F3A6E4004F73D6 /* SecondViewController.swift */,
				B72D58A620F3AAE1004F73D6 /* ThirdViewController.swift */,
				B72D58A820F3ADF1004F73D6 /* FourthViewController.swift */,
				F99651F420DC4106004C44BB /* Assets.xcassets */,
				F99651F620DC4106004C44BB /* LaunchScreen.storyboard */,
				F99651F920DC4106004C44BB /* Info.plist */,
			);
			path = "CodeUI-Example";
			sourceTree = "<group>";
		};
		F996520520DC4140004C44BB /* Frameworks */ = {
			isa = PBXGroup;
			children = (
				F996520620DC4140004C44BB /* libCodeUI.a */,
			);
			name = Frameworks;
			sourceTree = "<group>";
		};
/* End PBXGroup section */

/* Begin PBXNativeTarget section */
		F99651E920DC4104004C44BB /* CodeUI-Example */ = {
			isa = PBXNativeTarget;
			buildConfigurationList = F99651FC20DC4106004C44BB /* Build configuration list for PBXNativeTarget "CodeUI-Example" */;
			buildPhases = (
				F99651E620DC4104004C44BB /* Sources */,
				F99651E720DC4104004C44BB /* Frameworks */,
				F99651E820DC4104004C44BB /* Resources */,
			);
			buildRules = (
			);
			dependencies = (
			);
			name = "CodeUI-Example";
			productName = "CodeUI-Example";
			productReference = F99651EA20DC4104004C44BB /* CodeUI-Example.app */;
			productType = "com.apple.product-type.application";
		};
/* End PBXNativeTarget section */

/* Begin PBXProject section */
		F99651E220DC4104004C44BB /* Project object */ = {
			isa = PBXProject;
			attributes = {
				LastSwiftUpdateCheck = 1000;
				LastUpgradeCheck = 1000;
				ORGANIZATIONNAME = "Vyacheslav Nagornyak";
				TargetAttributes = {
					F99651E920DC4104004C44BB = {
						CreatedOnToolsVersion = 10.0;
					};
				};
			};
			buildConfigurationList = F99651E520DC4104004C44BB /* Build configuration list for PBXProject "CodeUI-Example" */;
			compatibilityVersion = "Xcode 9.3";
			developmentRegion = en;
			hasScannedForEncodings = 0;
			knownRegions = (
				en,
				Base,
			);
			mainGroup = F99651E120DC4104004C44BB;
			productRefGroup = F99651EB20DC4104004C44BB /* Products */;
			projectDirPath = "";
			projectRoot = "";
			targets = (
				F99651E920DC4104004C44BB /* CodeUI-Example */,
			);
		};
/* End PBXProject section */

/* Begin PBXResourcesBuildPhase section */
		F99651E820DC4104004C44BB /* Resources */ = {
			isa = PBXResourcesBuildPhase;
			buildActionMask = 2147483647;
			files = (
				F99651F820DC4106004C44BB /* LaunchScreen.storyboard in Resources */,
				F99651F520DC4106004C44BB /* Assets.xcassets in Resources */,
			);
			runOnlyForDeploymentPostprocessing = 0;
		};
/* End PBXResourcesBuildPhase section */

/* Begin PBXSourcesBuildPhase section */
		F99651E620DC4104004C44BB /* Sources */ = {
			isa = PBXSourcesBuildPhase;
			buildActionMask = 2147483647;
			files = (
				B72D58A320F3A6E4004F73D6 /* SecondViewController.swift in Sources */,
				F99651F020DC4104004C44BB /* FirstViewController.swift in Sources */,
				B72D58A920F3ADF1004F73D6 /* FourthViewController.swift in Sources */,
				F99651EE20DC4104004C44BB /* AppDelegate.swift in Sources */,
				B72D58A720F3AAE1004F73D6 /* ThirdViewController.swift in Sources */,
				B72D58A120F3A3D3004F73D6 /* BaseViewController.swift in Sources */,
				B72D58C520F3B602004F73D6 /* RootPageViewController.swift in Sources */,
			);
			runOnlyForDeploymentPostprocessing = 0;
		};
/* End PBXSourcesBuildPhase section */

/* Begin PBXVariantGroup section */
		F99651F620DC4106004C44BB /* LaunchScreen.storyboard */ = {
			isa = PBXVariantGroup;
			children = (
				F99651F720DC4106004C44BB /* Base */,
			);
			name = LaunchScreen.storyboard;
			sourceTree = "<group>";
		};
/* End PBXVariantGroup section */

/* Begin XCBuildConfiguration section */
		F99651FA20DC4106004C44BB /* Debug */ = {
			isa = XCBuildConfiguration;
			buildSettings = {
				ALWAYS_SEARCH_USER_PATHS = NO;
				CLANG_ANALYZER_NONNULL = YES;
				CLANG_ANALYZER_NUMBER_OBJECT_CONVERSION = YES_AGGRESSIVE;
				CLANG_CXX_LANGUAGE_STANDARD = "gnu++14";
				CLANG_CXX_LIBRARY = "libc++";
				CLANG_ENABLE_MODULES = YES;
				CLANG_ENABLE_OBJC_ARC = YES;
				CLANG_ENABLE_OBJC_WEAK = YES;
				CLANG_WARN_BLOCK_CAPTURE_AUTORELEASING = YES;
				CLANG_WARN_BOOL_CONVERSION = YES;
				CLANG_WARN_COMMA = YES;
				CLANG_WARN_CONSTANT_CONVERSION = YES;
				CLANG_WARN_DEPRECATED_OBJC_IMPLEMENTATIONS = YES;
				CLANG_WARN_DIRECT_OBJC_ISA_USAGE = YES_ERROR;
				CLANG_WARN_DOCUMENTATION_COMMENTS = YES;
				CLANG_WARN_EMPTY_BODY = YES;
				CLANG_WARN_ENUM_CONVERSION = YES;
				CLANG_WARN_INFINITE_RECURSION = YES;
				CLANG_WARN_INT_CONVERSION = YES;
				CLANG_WARN_NON_LITERAL_NULL_CONVERSION = YES;
				CLANG_WARN_OBJC_IMPLICIT_RETAIN_SELF = YES;
				CLANG_WARN_OBJC_LITERAL_CONVERSION = YES;
				CLANG_WARN_OBJC_ROOT_CLASS = YES_ERROR;
				CLANG_WARN_RANGE_LOOP_ANALYSIS = YES;
				CLANG_WARN_STRICT_PROTOTYPES = YES;
				CLANG_WARN_SUSPICIOUS_MOVE = YES;
				CLANG_WARN_UNGUARDED_AVAILABILITY = YES_AGGRESSIVE;
				CLANG_WARN_UNREACHABLE_CODE = YES;
				CLANG_WARN__DUPLICATE_METHOD_MATCH = YES;
				CODE_SIGN_IDENTITY = "iPhone Developer";
				COPY_PHASE_STRIP = NO;
				DEBUG_INFORMATION_FORMAT = dwarf;
				ENABLE_STRICT_OBJC_MSGSEND = YES;
				ENABLE_TESTABILITY = YES;
				GCC_C_LANGUAGE_STANDARD = gnu11;
				GCC_DYNAMIC_NO_PIC = NO;
				GCC_NO_COMMON_BLOCKS = YES;
				GCC_OPTIMIZATION_LEVEL = 0;
				GCC_PREPROCESSOR_DEFINITIONS = (
					"DEBUG=1",
					"$(inherited)",
				);
				GCC_WARN_64_TO_32_BIT_CONVERSION = YES;
				GCC_WARN_ABOUT_RETURN_TYPE = YES_ERROR;
				GCC_WARN_UNDECLARED_SELECTOR = YES;
				GCC_WARN_UNINITIALIZED_AUTOS = YES_AGGRESSIVE;
				GCC_WARN_UNUSED_FUNCTION = YES;
				GCC_WARN_UNUSED_VARIABLE = YES;
				IPHONEOS_DEPLOYMENT_TARGET = 12.0;
				MTL_ENABLE_DEBUG_INFO = INCLUDE_SOURCE;
				ONLY_ACTIVE_ARCH = YES;
				SDKROOT = iphoneos;
				SWIFT_ACTIVE_COMPILATION_CONDITIONS = DEBUG;
				SWIFT_OPTIMIZATION_LEVEL = "-Onone";
			};
			name = Debug;
		};
		F99651FB20DC4106004C44BB /* Release */ = {
			isa = XCBuildConfiguration;
			buildSettings = {
				ALWAYS_SEARCH_USER_PATHS = NO;
				CLANG_ANALYZER_NONNULL = YES;
				CLANG_ANALYZER_NUMBER_OBJECT_CONVERSION = YES_AGGRESSIVE;
				CLANG_CXX_LANGUAGE_STANDARD = "gnu++14";
				CLANG_CXX_LIBRARY = "libc++";
				CLANG_ENABLE_MODULES = YES;
				CLANG_ENABLE_OBJC_ARC = YES;
				CLANG_ENABLE_OBJC_WEAK = YES;
				CLANG_WARN_BLOCK_CAPTURE_AUTORELEASING = YES;
				CLANG_WARN_BOOL_CONVERSION = YES;
				CLANG_WARN_COMMA = YES;
				CLANG_WARN_CONSTANT_CONVERSION = YES;
				CLANG_WARN_DEPRECATED_OBJC_IMPLEMENTATIONS = YES;
				CLANG_WARN_DIRECT_OBJC_ISA_USAGE = YES_ERROR;
				CLANG_WARN_DOCUMENTATION_COMMENTS = YES;
				CLANG_WARN_EMPTY_BODY = YES;
				CLANG_WARN_ENUM_CONVERSION = YES;
				CLANG_WARN_INFINITE_RECURSION = YES;
				CLANG_WARN_INT_CONVERSION = YES;
				CLANG_WARN_NON_LITERAL_NULL_CONVERSION = YES;
				CLANG_WARN_OBJC_IMPLICIT_RETAIN_SELF = YES;
				CLANG_WARN_OBJC_LITERAL_CONVERSION = YES;
				CLANG_WARN_OBJC_ROOT_CLASS = YES_ERROR;
				CLANG_WARN_RANGE_LOOP_ANALYSIS = YES;
				CLANG_WARN_STRICT_PROTOTYPES = YES;
				CLANG_WARN_SUSPICIOUS_MOVE = YES;
				CLANG_WARN_UNGUARDED_AVAILABILITY = YES_AGGRESSIVE;
				CLANG_WARN_UNREACHABLE_CODE = YES;
				CLANG_WARN__DUPLICATE_METHOD_MATCH = YES;
				CODE_SIGN_IDENTITY = "iPhone Developer";
				COPY_PHASE_STRIP = NO;
				DEBUG_INFORMATION_FORMAT = "dwarf-with-dsym";
				ENABLE_NS_ASSERTIONS = NO;
				ENABLE_STRICT_OBJC_MSGSEND = YES;
				GCC_C_LANGUAGE_STANDARD = gnu11;
				GCC_NO_COMMON_BLOCKS = YES;
				GCC_WARN_64_TO_32_BIT_CONVERSION = YES;
				GCC_WARN_ABOUT_RETURN_TYPE = YES_ERROR;
				GCC_WARN_UNDECLARED_SELECTOR = YES;
				GCC_WARN_UNINITIALIZED_AUTOS = YES_AGGRESSIVE;
				GCC_WARN_UNUSED_FUNCTION = YES;
				GCC_WARN_UNUSED_VARIABLE = YES;
				IPHONEOS_DEPLOYMENT_TARGET = 12.0;
				MTL_ENABLE_DEBUG_INFO = NO;
				SDKROOT = iphoneos;
				SWIFT_COMPILATION_MODE = wholemodule;
				SWIFT_OPTIMIZATION_LEVEL = "-O";
				VALIDATE_PRODUCT = YES;
			};
			name = Release;
		};
		F99651FD20DC4106004C44BB /* Debug */ = {
			isa = XCBuildConfiguration;
			buildSettings = {
				ASSETCATALOG_COMPILER_APPICON_NAME = AppIcon;
				CODE_SIGN_STYLE = Automatic;
				DEVELOPMENT_TEAM = 7R7GVTFP58;
				INFOPLIST_FILE = "CodeUI-Example/Info.plist";
				IPHONEOS_DEPLOYMENT_TARGET = 11.0;
				LD_RUNPATH_SEARCH_PATHS = (
					"$(inherited)",
					"@executable_path/Frameworks",
				);
				PRODUCT_BUNDLE_IDENTIFIER = "com.breath.CodeUI-Example";
				PRODUCT_NAME = "$(TARGET_NAME)";
				SWIFT_VERSION = 4.0;
				TARGETED_DEVICE_FAMILY = "1,2";
			};
			name = Debug;
		};
		F99651FE20DC4106004C44BB /* Release */ = {
			isa = XCBuildConfiguration;
			buildSettings = {
				ASSETCATALOG_COMPILER_APPICON_NAME = AppIcon;
				CODE_SIGN_STYLE = Automatic;
				DEVELOPMENT_TEAM = 7R7GVTFP58;
				INFOPLIST_FILE = "CodeUI-Example/Info.plist";
				IPHONEOS_DEPLOYMENT_TARGET = 11.0;
				LD_RUNPATH_SEARCH_PATHS = (
					"$(inherited)",
					"@executable_path/Frameworks",
				);
				PRODUCT_BUNDLE_IDENTIFIER = "com.breath.CodeUI-Example";
				PRODUCT_NAME = "$(TARGET_NAME)";
				SWIFT_VERSION = 4.0;
				TARGETED_DEVICE_FAMILY = "1,2";
			};
			name = Release;
		};
/* End XCBuildConfiguration section */

/* Begin XCConfigurationList section */
		F99651E520DC4104004C44BB /* Build configuration list for PBXProject "CodeUI-Example" */ = {
			isa = XCConfigurationList;
			buildConfigurations = (
				F99651FA20DC4106004C44BB /* Debug */,
				F99651FB20DC4106004C44BB /* Release */,
			);
			defaultConfigurationIsVisible = 0;
			defaultConfigurationName = Release;
		};
		F99651FC20DC4106004C44BB /* Build configuration list for PBXNativeTarget "CodeUI-Example" */ = {
			isa = XCConfigurationList;
			buildConfigurations = (
				F99651FD20DC4106004C44BB /* Debug */,
				F99651FE20DC4106004C44BB /* Release */,
			);
			defaultConfigurationIsVisible = 0;
			defaultConfigurationName = Release;
		};
/* End XCConfigurationList section */
	};
	rootObject = F99651E220DC4104004C44BB /* Project object */;
}
